
Microsoft Visual Studio Solution File, Format Version 12.00
# Visual Studio 15
VisualStudioVersion = 15.0.28010.2048
MinimumVisualStudioVersion = 10.0.40219.1
Project("{FAE04EC0-301F-11D3-BF4B-00C04F79EFBC}") = "CollideGameTestClient", "CollideGameTestClient\CollideGameTestClient.csproj", "{7A589880-E836-40B8-966E-E518B69277FE}"
EndProject
Global
	GlobalSection(SolutionConfigurationPlatforms) = preSolution
		Debug|Any CPU = Debug|Any CPU
		Release|Any CPU = Release|Any CPU
	EndGlobalSection
	GlobalSection(ProjectConfigurationPlatforms) = postSolution
		{7A589880-E836-40B8-966E-E518B69277FE}.Debug|Any CPU.ActiveCfg = Debug|Any CPU
		{7A589880-E836-40B8-966E-E518B69277FE}.Debug|Any CPU.Build.0 = Debug|Any CPU
		{7A589880-E836-40B8-966E-E518B69277FE}.Release|Any CPU.ActiveCfg = Release|Any CPU
		{7A589880-E836-40B8-966E-E518B69277FE}.Release|Any CPU.Build.0 = Release|Any CPU
	EndGlobalSection
	GlobalSection(SolutionProperties) = preSolution
		HideSolutionNode = FALSE
	EndGlobalSection
	GlobalSection(ExtensibilityGlobals) = postSolution
		SolutionGuid = {5FEF665B-C7CD-4630-A91F-B39AC3C31116}
	EndGlobalSection
EndGlobal
